dependencies:
- name: zookeeper
  repository: https://charts.bitnami.com/bitnami
  version: 6.0.0
- name: nifi
  repository: https://cetic.github.io/helm-charts
  version: 0.6.0
- name: kafka
  repository: https://charts.bitnami.com/bitnami
  version: 12.1.0
digest: sha256:cf2518487c009ce27973042ba1359f2dce36096854d10d8d827b484eb5c83297
generated: "2020-11-18T11:51:58.6136901-07:00"
