dependencies:
- name: zookeeper
  repository: https://charts.bitnami.com/bitnami
  version: 6.0.0
- name: nifi
  repository: https://cetic.github.io/helm-charts
  version: 0.6.0
- name: kafka
  repository: https://charts.bitnami.com/bitnami
  version: 11.8.9
digest: sha256:11e9d9cbbc7fab419ee03c53429e40448a3b9ca40fcb6f7bbb82e5a30b410a0f
generated: "2020-11-12T18:32:23.2334071-07:00"
