dependencies:
- name: zookeeper
  repository: https://charts.bitnami.com/bitnami
  version: 6.0.0
- name: nifi
  repository: https://cetic.github.io/helm-charts
  version: 0.6.0
- name: kafka
  repository: https://charts.bitnami.com/bitnami
  version: 12.1.0
- name: kube-prometheus-stack
  repository: https://prometheus-community.github.io/helm-charts
  version: 12.0.4
digest: sha256:c87d60e9b79b32d355bff95737d2fb79e73b88c0e0f1f1e2917c5ccdf25f0946
generated: "2020-11-23T12:13:24.644438-06:00"
